
Microsoft Visual Studio Solution File, Format Version 12.00
# Visual Studio Version 17
VisualStudioVersion = 17.14.36414.22
MinimumVisualStudioVersion = 10.0.40219.1
Project("{2150E333-8FDC-42A3-9474-1A3956D46DE8}") = "Task0", "Task0", "{02EA681E-C7D8-13C7-8484-4AC65E1B71E8}"
EndProject
Project("{FAE04EC0-301F-11D3-BF4B-00C04F79EFBC}") = "Tyuiu.VegerinaVV.Sprint3.Task0.V27", "Tyuiu.VegerinaVV.Sprint3.Task0.V27\Tyuiu.VegerinaVV.Sprint3.Task0.V27.csproj", "{863BDAD7-D7B9-45ED-AC61-847747D76C15}"
EndProject
Project("{FAE04EC0-301F-11D3-BF4B-00C04F79EFBC}") = "Tyuiu.VegerinaVV.Sprint3.Task0.V27.Lib", "Tyuiu.VegerinaVV.Sprint3.Task0.V27.Lib\Tyuiu.VegerinaVV.Sprint3.Task0.V27.Lib.csproj", "{75F2F199-537B-4D61-A24D-7CB0A6CD5AC4}"
EndProject
Project("{FAE04EC0-301F-11D3-BF4B-00C04F79EFBC}") = "Tyuiu.VegerinaVV.Sprint3.Task0.V27.Test", "Tyuiu.VegerinaVV.Sprint3.Task0.V27.Test\Tyuiu.VegerinaVV.Sprint3.Task0.V27.Test.csproj", "{95C4FEC6-1616-4729-B1E6-3C9943B4DF25}"
EndProject
Project("{2150E333-8FDC-42A3-9474-1A3956D46DE8}") = "Task1", "Task1", "{BB9F4BF0-391E-4F22-B177-1C7551192DA5}"
EndProject
Project("{FAE04EC0-301F-11D3-BF4B-00C04F79EFBC}") = "Tyuiu.VegerinaVV.Sprint3.Task1.V25", "Tyuiu.VegerinaVV.Sprint3.Task1.V25\Tyuiu.VegerinaVV.Sprint3.Task1.V25.csproj", "{30821505-9705-41B9-9C5C-D1F809432EF9}"
EndProject
Project("{FAE04EC0-301F-11D3-BF4B-00C04F79EFBC}") = "Tyuiu.VegerinaVV.Sprint3.Task1.V25.Lib", "Tyuiu.VegerinaVV.Sprint3.Task1.V25.Lib\Tyuiu.VegerinaVV.Sprint3.Task1.V25.Lib.csproj", "{9187F72E-2C83-497B-ADC0-3F23C7055FBA}"
EndProject
Project("{FAE04EC0-301F-11D3-BF4B-00C04F79EFBC}") = "Tyuiu.VegerinaVV.Sprint3.Task1.V25.Test", "Tyuiu.VegerinaVV.Sprint3.Task1.V25.Test\Tyuiu.VegerinaVV.Sprint3.Task1.V25.Test.csproj", "{7C027F77-4B8F-4297-BE82-D342699F010E}"
EndProject
Project("{2150E333-8FDC-42A3-9474-1A3956D46DE8}") = "Task2", "Task2", "{83B14DA1-5AF0-4503-8922-DDC5C20C6AF2}"
EndProject
Project("{FAE04EC0-301F-11D3-BF4B-00C04F79EFBC}") = "Tyuiu.VegerinaVV.Sprint3.Task2.V3", "Tyuiu.VegerinaVV.Sprint3.Task2.V3\Tyuiu.VegerinaVV.Sprint3.Task2.V3.csproj", "{6F38A9B5-670F-4660-A3FA-17678799FC94}"
EndProject
Project("{FAE04EC0-301F-11D3-BF4B-00C04F79EFBC}") = "Tyuiu.VegerinaVV.Sprint3.Task2.V3.Lib", "Tyuiu.VegerinaVV.Sprint3.Task2.V3.Lib\Tyuiu.VegerinaVV.Sprint3.Task2.V3.Lib.csproj", "{F24E628A-39C1-48FC-905B-2DA06E8A96D9}"
EndProject
Project("{FAE04EC0-301F-11D3-BF4B-00C04F79EFBC}") = "Tyuiu.VegerinaVV.Sprint3.Task2.V3.Test", "Tyuiu.VegerinaVV.Sprint3.Task2.V3.Test\Tyuiu.VegerinaVV.Sprint3.Task2.V3.Test.csproj", "{8E05A824-081F-4372-8577-B45E3B455BB9}"
EndProject
Project("{2150E333-8FDC-42A3-9474-1A3956D46DE8}") = "Task3", "Task3", "{29097ECD-C42A-4D89-B62D-79F9971B6BCC}"
EndProject
Project("{FAE04EC0-301F-11D3-BF4B-00C04F79EFBC}") = "Tyuiu.VegerinaVV.Sprint3.Task3.V6", "Tyuiu.VegerinaVV.Sprint3.Task3.V6\Tyuiu.VegerinaVV.Sprint3.Task3.V6.csproj", "{7CDDBB61-C756-4103-8D65-B0FBA78B4B6C}"
EndProject
Project("{FAE04EC0-301F-11D3-BF4B-00C04F79EFBC}") = "Tyuiu.VegerinaVV.Sprint3.Task3.V6.Lib", "Tyuiu.VegerinaVV.Sprint3.Task3.V6.Lib\Tyuiu.VegerinaVV.Sprint3.Task3.V6.Lib.csproj", "{9147B4F3-F169-420D-BF4C-846410AAB54D}"
EndProject
Project("{FAE04EC0-301F-11D3-BF4B-00C04F79EFBC}") = "Tyuiu.VegerinaVV.Sprint3.Task3.V6.Test", "Tyuiu.VegerinaVV.Sprint3.Task3.V6.Test\Tyuiu.VegerinaVV.Sprint3.Task3.V6.Test.csproj", "{BB48B24E-66C0-45AA-BE8C-1B25CC7FCB13}"
EndProject
Project("{2150E333-8FDC-42A3-9474-1A3956D46DE8}") = "Task4", "Task4", "{1126AF98-C413-422A-BBFE-8588166F3F43}"
EndProject
Project("{FAE04EC0-301F-11D3-BF4B-00C04F79EFBC}") = "Tyuiu.VegerinaVV.Sprint3.Task4.V11", "Tyuiu.VegerinaVV.Sprint3.Task4.V11\Tyuiu.VegerinaVV.Sprint3.Task4.V11.csproj", "{575F3D88-E881-4625-A2B4-6160C2D90A00}"
EndProject
Project("{FAE04EC0-301F-11D3-BF4B-00C04F79EFBC}") = "Tyuiu.VegerinaVV.Sprint3.Task4.V11.Lib", "Tyuiu.VegerinaVV.Sprint3.Task4.V11.Lib\Tyuiu.VegerinaVV.Sprint3.Task4.V11.Lib.csproj", "{571D1D3A-BDC5-446B-8DFA-1003A3AF9EF6}"
EndProject
Project("{FAE04EC0-301F-11D3-BF4B-00C04F79EFBC}") = "Tyuiu.VegerinaVV.Sprint3.Task4.V11.Test", "Tyuiu.VegerinaVV.Sprint3.Task4.V11.Test\Tyuiu.VegerinaVV.Sprint3.Task4.V11.Test.csproj", "{917D0D26-8118-4B26-A793-1290886C2F98}"
EndProject
Project("{2150E333-8FDC-42A3-9474-1A3956D46DE8}") = "Task5", "Task5", "{8DC04C57-63FF-4F7A-A793-748DB6B60B37}"
EndProject
Project("{FAE04EC0-301F-11D3-BF4B-00C04F79EFBC}") = "Tyuiu.VegerinaVV.Sprint3.Task5.V22", "Tyuiu.VegerinaVV.Sprint3.Task5.V22\Tyuiu.VegerinaVV.Sprint3.Task5.V22.csproj", "{E3559615-42AA-45AC-8728-C1E0D36E60B3}"
EndProject
Project("{FAE04EC0-301F-11D3-BF4B-00C04F79EFBC}") = "Tyuiu.VegerinaVV.Sprint3.Task5.V22.Lib", "Tyuiu.VegerinaVV.Sprint3.Task5.V22.Lib\Tyuiu.VegerinaVV.Sprint3.Task5.V22.Lib.csproj", "{8385990C-FCF2-4FC1-8547-456FC94A8292}"
EndProject
Project("{FAE04EC0-301F-11D3-BF4B-00C04F79EFBC}") = "Tyuiu.VegerinaVV.Sprint3.Task5.V22.Test", "Tyuiu.VegerinaVV.Sprint3.Task5.V22.Test\Tyuiu.VegerinaVV.Sprint3.Task5.V22.Test.csproj", "{8C313529-8722-45C4-BCAD-290FA79484D7}"
EndProject
Global
	GlobalSection(SolutionConfigurationPlatforms) = preSolution
		Debug|Any CPU = Debug|Any CPU
		Release|Any CPU = Release|Any CPU
	EndGlobalSection
	GlobalSection(ProjectConfigurationPlatforms) = postSolution
		{863BDAD7-D7B9-45ED-AC61-847747D76C15}.Debug|Any CPU.ActiveCfg = Debug|Any CPU
		{863BDAD7-D7B9-45ED-AC61-847747D76C15}.Debug|Any CPU.Build.0 = Debug|Any CPU
		{863BDAD7-D7B9-45ED-AC61-847747D76C15}.Release|Any CPU.ActiveCfg = Release|Any CPU
		{863BDAD7-D7B9-45ED-AC61-847747D76C15}.Release|Any CPU.Build.0 = Release|Any CPU
		{75F2F199-537B-4D61-A24D-7CB0A6CD5AC4}.Debug|Any CPU.ActiveCfg = Debug|Any CPU
		{75F2F199-537B-4D61-A24D-7CB0A6CD5AC4}.Debug|Any CPU.Build.0 = Debug|Any CPU
		{75F2F199-537B-4D61-A24D-7CB0A6CD5AC4}.Release|Any CPU.ActiveCfg = Release|Any CPU
		{75F2F199-537B-4D61-A24D-7CB0A6CD5AC4}.Release|Any CPU.Build.0 = Release|Any CPU
		{95C4FEC6-1616-4729-B1E6-3C9943B4DF25}.Debug|Any CPU.ActiveCfg = Debug|Any CPU
		{95C4FEC6-1616-4729-B1E6-3C9943B4DF25}.Debug|Any CPU.Build.0 = Debug|Any CPU
		{95C4FEC6-1616-4729-B1E6-3C9943B4DF25}.Release|Any CPU.ActiveCfg = Release|Any CPU
		{95C4FEC6-1616-4729-B1E6-3C9943B4DF25}.Release|Any CPU.Build.0 = Release|Any CPU
		{30821505-9705-41B9-9C5C-D1F809432EF9}.Debug|Any CPU.ActiveCfg = Debug|Any CPU
		{30821505-9705-41B9-9C5C-D1F809432EF9}.Debug|Any CPU.Build.0 = Debug|Any CPU
		{30821505-9705-41B9-9C5C-D1F809432EF9}.Release|Any CPU.ActiveCfg = Release|Any CPU
		{30821505-9705-41B9-9C5C-D1F809432EF9}.Release|Any CPU.Build.0 = Release|Any CPU
		{9187F72E-2C83-497B-ADC0-3F23C7055FBA}.Debug|Any CPU.ActiveCfg = Debug|Any CPU
		{9187F72E-2C83-497B-ADC0-3F23C7055FBA}.Debug|Any CPU.Build.0 = Debug|Any CPU
		{9187F72E-2C83-497B-ADC0-3F23C7055FBA}.Release|Any CPU.ActiveCfg = Release|Any CPU
		{9187F72E-2C83-497B-ADC0-3F23C7055FBA}.Release|Any CPU.Build.0 = Release|Any CPU
		{7C027F77-4B8F-4297-BE82-D342699F010E}.Debug|Any CPU.ActiveCfg = Debug|Any CPU
		{7C027F77-4B8F-4297-BE82-D342699F010E}.Debug|Any CPU.Build.0 = Debug|Any CPU
		{7C027F77-4B8F-4297-BE82-D342699F010E}.Release|Any CPU.ActiveCfg = Release|Any CPU
		{7C027F77-4B8F-4297-BE82-D342699F010E}.Release|Any CPU.Build.0 = Release|Any CPU
		{6F38A9B5-670F-4660-A3FA-17678799FC94}.Debug|Any CPU.ActiveCfg = Debug|Any CPU
		{6F38A9B5-670F-4660-A3FA-17678799FC94}.Debug|Any CPU.Build.0 = Debug|Any CPU
		{6F38A9B5-670F-4660-A3FA-17678799FC94}.Release|Any CPU.ActiveCfg = Release|Any CPU
		{6F38A9B5-670F-4660-A3FA-17678799FC94}.Release|Any CPU.Build.0 = Release|Any CPU
		{F24E628A-39C1-48FC-905B-2DA06E8A96D9}.Debug|Any CPU.ActiveCfg = Debug|Any CPU
		{F24E628A-39C1-48FC-905B-2DA06E8A96D9}.Debug|Any CPU.Build.0 = Debug|Any CPU
		{F24E628A-39C1-48FC-905B-2DA06E8A96D9}.Release|Any CPU.ActiveCfg = Release|Any CPU
		{F24E628A-39C1-48FC-905B-2DA06E8A96D9}.Release|Any CPU.Build.0 = Release|Any CPU
		{8E05A824-081F-4372-8577-B45E3B455BB9}.Debug|Any CPU.ActiveCfg = Debug|Any CPU
		{8E05A824-081F-4372-8577-B45E3B455BB9}.Debug|Any CPU.Build.0 = Debug|Any CPU
		{8E05A824-081F-4372-8577-B45E3B455BB9}.Release|Any CPU.ActiveCfg = Release|Any CPU
		{8E05A824-081F-4372-8577-B45E3B455BB9}.Release|Any CPU.Build.0 = Release|Any CPU
		{7CDDBB61-C756-4103-8D65-B0FBA78B4B6C}.Debug|Any CPU.ActiveCfg = Debug|Any CPU
		{7CDDBB61-C756-4103-8D65-B0FBA78B4B6C}.Debug|Any CPU.Build.0 = Debug|Any CPU
		{7CDDBB61-C756-4103-8D65-B0FBA78B4B6C}.Release|Any CPU.ActiveCfg = Release|Any CPU
		{7CDDBB61-C756-4103-8D65-B0FBA78B4B6C}.Release|Any CPU.Build.0 = Release|Any CPU
		{9147B4F3-F169-420D-BF4C-846410AAB54D}.Debug|Any CPU.ActiveCfg = Debug|Any CPU
		{9147B4F3-F169-420D-BF4C-846410AAB54D}.Debug|Any CPU.Build.0 = Debug|Any CPU
		{9147B4F3-F169-420D-BF4C-846410AAB54D}.Release|Any CPU.ActiveCfg = Release|Any CPU
		{9147B4F3-F169-420D-BF4C-846410AAB54D}.Release|Any CPU.Build.0 = Release|Any CPU
		{BB48B24E-66C0-45AA-BE8C-1B25CC7FCB13}.Debug|Any CPU.ActiveCfg = Debug|Any CPU
		{BB48B24E-66C0-45AA-BE8C-1B25CC7FCB13}.Debug|Any CPU.Build.0 = Debug|Any CPU
		{BB48B24E-66C0-45AA-BE8C-1B25CC7FCB13}.Release|Any CPU.ActiveCfg = Release|Any CPU
		{BB48B24E-66C0-45AA-BE8C-1B25CC7FCB13}.Release|Any CPU.Build.0 = Release|Any CPU
		{575F3D88-E881-4625-A2B4-6160C2D90A00}.Debug|Any CPU.ActiveCfg = Debug|Any CPU
		{575F3D88-E881-4625-A2B4-6160C2D90A00}.Debug|Any CPU.Build.0 = Debug|Any CPU
		{575F3D88-E881-4625-A2B4-6160C2D90A00}.Release|Any CPU.ActiveCfg = Release|Any CPU
		{575F3D88-E881-4625-A2B4-6160C2D90A00}.Release|Any CPU.Build.0 = Release|Any CPU
		{571D1D3A-BDC5-446B-8DFA-1003A3AF9EF6}.Debug|Any CPU.ActiveCfg = Debug|Any CPU
		{571D1D3A-BDC5-446B-8DFA-1003A3AF9EF6}.Debug|Any CPU.Build.0 = Debug|Any CPU
		{571D1D3A-BDC5-446B-8DFA-1003A3AF9EF6}.Release|Any CPU.ActiveCfg = Release|Any CPU
		{571D1D3A-BDC5-446B-8DFA-1003A3AF9EF6}.Release|Any CPU.Build.0 = Release|Any CPU
		{917D0D26-8118-4B26-A793-1290886C2F98}.Debug|Any CPU.ActiveCfg = Debug|Any CPU
		{917D0D26-8118-4B26-A793-1290886C2F98}.Debug|Any CPU.Build.0 = Debug|Any CPU
		{917D0D26-8118-4B26-A793-1290886C2F98}.Release|Any CPU.ActiveCfg = Release|Any CPU
		{917D0D26-8118-4B26-A793-1290886C2F98}.Release|Any CPU.Build.0 = Release|Any CPU
		{E3559615-42AA-45AC-8728-C1E0D36E60B3}.Debug|Any CPU.ActiveCfg = Debug|Any CPU
		{E3559615-42AA-45AC-8728-C1E0D36E60B3}.Debug|Any CPU.Build.0 = Debug|Any CPU
		{E3559615-42AA-45AC-8728-C1E0D36E60B3}.Release|Any CPU.ActiveCfg = Release|Any CPU
		{E3559615-42AA-45AC-8728-C1E0D36E60B3}.Release|Any CPU.Build.0 = Release|Any CPU
		{8385990C-FCF2-4FC1-8547-456FC94A8292}.Debug|Any CPU.ActiveCfg = Debug|Any CPU
		{8385990C-FCF2-4FC1-8547-456FC94A8292}.Debug|Any CPU.Build.0 = Debug|Any CPU
		{8385990C-FCF2-4FC1-8547-456FC94A8292}.Release|Any CPU.ActiveCfg = Release|Any CPU
		{8385990C-FCF2-4FC1-8547-456FC94A8292}.Release|Any CPU.Build.0 = Release|Any CPU
		{8C313529-8722-45C4-BCAD-290FA79484D7}.Debug|Any CPU.ActiveCfg = Debug|Any CPU
		{8C313529-8722-45C4-BCAD-290FA79484D7}.Debug|Any CPU.Build.0 = Debug|Any CPU
		{8C313529-8722-45C4-BCAD-290FA79484D7}.Release|Any CPU.ActiveCfg = Release|Any CPU
		{8C313529-8722-45C4-BCAD-290FA79484D7}.Release|Any CPU.Build.0 = Release|Any CPU
	EndGlobalSection
	GlobalSection(SolutionProperties) = preSolution
		HideSolutionNode = FALSE
	EndGlobalSection
	GlobalSection(NestedProjects) = preSolution
		{863BDAD7-D7B9-45ED-AC61-847747D76C15} = {02EA681E-C7D8-13C7-8484-4AC65E1B71E8}
		{75F2F199-537B-4D61-A24D-7CB0A6CD5AC4} = {02EA681E-C7D8-13C7-8484-4AC65E1B71E8}
		{95C4FEC6-1616-4729-B1E6-3C9943B4DF25} = {02EA681E-C7D8-13C7-8484-4AC65E1B71E8}
		{30821505-9705-41B9-9C5C-D1F809432EF9} = {BB9F4BF0-391E-4F22-B177-1C7551192DA5}
		{9187F72E-2C83-497B-ADC0-3F23C7055FBA} = {BB9F4BF0-391E-4F22-B177-1C7551192DA5}
		{7C027F77-4B8F-4297-BE82-D342699F010E} = {BB9F4BF0-391E-4F22-B177-1C7551192DA5}
		{6F38A9B5-670F-4660-A3FA-17678799FC94} = {83B14DA1-5AF0-4503-8922-DDC5C20C6AF2}
		{F24E628A-39C1-48FC-905B-2DA06E8A96D9} = {83B14DA1-5AF0-4503-8922-DDC5C20C6AF2}
		{8E05A824-081F-4372-8577-B45E3B455BB9} = {83B14DA1-5AF0-4503-8922-DDC5C20C6AF2}
		{7CDDBB61-C756-4103-8D65-B0FBA78B4B6C} = {29097ECD-C42A-4D89-B62D-79F9971B6BCC}
		{9147B4F3-F169-420D-BF4C-846410AAB54D} = {29097ECD-C42A-4D89-B62D-79F9971B6BCC}
		{BB48B24E-66C0-45AA-BE8C-1B25CC7FCB13} = {29097ECD-C42A-4D89-B62D-79F9971B6BCC}
		{575F3D88-E881-4625-A2B4-6160C2D90A00} = {1126AF98-C413-422A-BBFE-8588166F3F43}
		{571D1D3A-BDC5-446B-8DFA-1003A3AF9EF6} = {1126AF98-C413-422A-BBFE-8588166F3F43}
		{917D0D26-8118-4B26-A793-1290886C2F98} = {1126AF98-C413-422A-BBFE-8588166F3F43}
		{E3559615-42AA-45AC-8728-C1E0D36E60B3} = {8DC04C57-63FF-4F7A-A793-748DB6B60B37}
		{8385990C-FCF2-4FC1-8547-456FC94A8292} = {8DC04C57-63FF-4F7A-A793-748DB6B60B37}
		{8C313529-8722-45C4-BCAD-290FA79484D7} = {8DC04C57-63FF-4F7A-A793-748DB6B60B37}
	EndGlobalSection
	GlobalSection(ExtensibilityGlobals) = postSolution
		SolutionGuid = {51DDE800-7A9C-4A8B-8BD9-B2E469E04727}
	EndGlobalSection
EndGlobal
